
Microsoft Visual Studio Solution File, Format Version 12.00
# Visual Studio Version 16
VisualStudioVersion = 16.0.30523.141
MinimumVisualStudioVersion = 10.0.40219.1
Project("{FAE04EC0-301F-11D3-BF4B-00C04F79EFBC}") = "Varijable vjezba 4", "Varijable vjezba 4\Varijable vjezba 4.csproj", "{DDAE83DD-FD58-464D-A6BE-BF9D568DFADC}"
EndProject
Global
	GlobalSection(SolutionConfigurationPlatforms) = preSolution
		Debug|Any CPU = Debug|Any CPU
		Release|Any CPU = Release|Any CPU
	EndGlobalSection
	GlobalSection(ProjectConfigurationPlatforms) = postSolution
		{DDAE83DD-FD58-464D-A6BE-BF9D568DFADC}.Debug|Any CPU.ActiveCfg = Debug|Any CPU
		{DDAE83DD-FD58-464D-A6BE-BF9D568DFADC}.Debug|Any CPU.Build.0 = Debug|Any CPU
		{DDAE83DD-FD58-464D-A6BE-BF9D568DFADC}.Release|Any CPU.ActiveCfg = Release|Any CPU
		{DDAE83DD-FD58-464D-A6BE-BF9D568DFADC}.Release|Any CPU.Build.0 = Release|Any CPU
	EndGlobalSection
	GlobalSection(SolutionProperties) = preSolution
		HideSolutionNode = FALSE
	EndGlobalSection
	GlobalSection(ExtensibilityGlobals) = postSolution
		SolutionGuid = {88298F9F-E85A-42E3-BFFE-F92F45DF1F5B}
	EndGlobalSection
EndGlobal
